# THIS IS AN AUTOGENERATED FILE. DO NOT EDIT THIS FILE DIRECTLY.
# yarn lockfile v1


"@types/supports-color@^8.0.0":
  version "8.1.3"
  resolved "https://registry.yarnpkg.com/@types/supports-color/-/supports-color-8.1.3.tgz#b769cdce1d1bb1a3fa794e35b62c62acdf93c139"
  integrity sha512-Hy6UMpxhE3j1tLpl27exp1XqHD7n8chAiNPzWfz16LPZoMMoSc4dzLl6w9qijkEb/r5O1ozdu1CWGA2L83ZeZg==

"@types/unist@^2.0.0":
  version "2.0.11"
  resolved "https://registry.yarnpkg.com/@types/unist/-/unist-2.0.11.tgz#11af57b127e32487774841f7a4e54eab166d03c4"
  integrity sha512-CmBKiL6NNo/OqgmMn95Fk9Whlp2mtvIv+KNpQKN2F4SjvrEesubTRWGYSg+BnWZOnlCaSTU1sMpsBOzgbYhnsA==

"@types/unist@^3.0.0":
  version "3.0.3"
  resolved "https://registry.yarnpkg.com/@types/unist/-/unist-3.0.3.tgz#acaab0f919ce69cce629c2d4ed2eb4adc1b6c20c"
  integrity sha512-ko/gIFJRv177XgZsZcBwnqJN5x/Gien8qNOn0D5bQU/zAzVf9Zt3BlcUiLqhV9y4ARk0GbT3tnUiPNgnTXzc/Q==

"@unified-latex/unified-latex-builder@^1.8.3":
  version "1.8.3"
  resolved "https://registry.yarnpkg.com/@unified-latex/unified-latex-builder/-/unified-latex-builder-1.8.3.tgz#a92d413a71d54da345236a5c476fb73945435665"
  integrity sha512-DxZZHcSBUYaJD4LIDsgHqHG3sxY1Ycb+C+Ig/Xc7yjxV38CF6Hq+AfpgfT4dS5fs/sj0FK2/tNGwKEqRTgXy1w==
  dependencies:
    "@unified-latex/unified-latex-types" "^1.8.0"

"@unified-latex/unified-latex-ctan@^1.8.3":
  version "1.8.3"
  resolved "https://registry.yarnpkg.com/@unified-latex/unified-latex-ctan/-/unified-latex-ctan-1.8.3.tgz#ed1d02f2ff42c8203d6ae9dcd9ade2f043957c21"
  integrity sha512-bqApSRcGFNMPdAV939E9/oxhGp0AJZ5EfOp1LfdH0qhn0OXMqHYD30GJvvgOh+mfb8MdCcDNKU4QWUHBsvovwQ==
  dependencies:
    "@unified-latex/unified-latex-builder" "^1.8.3"
    "@unified-latex/unified-latex-types" "^1.8.0"
    "@unified-latex/unified-latex-util-argspec" "^1.8.3"
    "@unified-latex/unified-latex-util-arguments" "^1.8.3"
    "@unified-latex/unified-latex-util-comments" "^1.8.3"
    "@unified-latex/unified-latex-util-match" "^1.8.0"
    "@unified-latex/unified-latex-util-pegjs" "^1.8.1"
    "@unified-latex/unified-latex-util-print-raw" "^1.8.0"
    "@unified-latex/unified-latex-util-render-info" "^1.8.3"
    "@unified-latex/unified-latex-util-replace" "^1.8.3"
    "@unified-latex/unified-latex-util-scan" "^1.8.0"
    "@unified-latex/unified-latex-util-split" "^1.8.0"
    "@unified-latex/unified-latex-util-trim" "^1.8.3"
    "@unified-latex/unified-latex-util-visit" "^1.8.3"
    color "^4.2.3"

"@unified-latex/unified-latex-prettier@^1.8.3":
  version "1.8.3"
  resolved "https://registry.yarnpkg.com/@unified-latex/unified-latex-prettier/-/unified-latex-prettier-1.8.3.tgz#17d5546a68aec0a4c21911963fdea13e32eaff44"
  integrity sha512-sat9VSBJQriX/biqAD+gBG2OkVy1mXMdqn4vy323es3RyBU9IHxl43dVR8QGXRhbD6lMRABxWdxfj0lRG6KU9g==
  dependencies:
    "@unified-latex/unified-latex-ctan" "^1.8.3"
    "@unified-latex/unified-latex-types" "^1.8.0"
    "@unified-latex/unified-latex-util-align" "^1.8.1"
    "@unified-latex/unified-latex-util-match" "^1.8.0"
    "@unified-latex/unified-latex-util-parse" "^1.8.3"
    "@unified-latex/unified-latex-util-pgfkeys" "^1.8.1"
    "@unified-latex/unified-latex-util-print-raw" "^1.8.0"
    "@unified-latex/unified-latex-util-trim" "^1.8.3"
    "@unified-latex/unified-latex-util-visit" "^1.8.3"
    prettier "^3.0.3"

"@unified-latex/unified-latex-types@^1.8.0":
  version "1.8.0"
  resolved "https://registry.yarnpkg.com/@unified-latex/unified-latex-types/-/unified-latex-types-1.8.0.tgz#7f4693c5acb6eeea86f65cd6145cdd8084adef02"
  integrity sha512-GLJbBmmfDOWtdEbpQCLb7++zPxXin36aC9XOVCuiVNMR9VYv3szOJa+ZdTilVCFHpOeFhKh6zRws96vJgz2tGA==

"@unified-latex/unified-latex-util-align@^1.8.1":
  version "1.8.1"
  resolved "https://registry.yarnpkg.com/@unified-latex/unified-latex-util-align/-/unified-latex-util-align-1.8.1.tgz#d4fbe6701243322f695b16bf616dcf39253af609"
  integrity sha512-csJxLrvziRc5ZkhcRsYI7gSQBGC4fXucPtwNkTscbSIy7PfYF7BfWBPc61sb9jXQg4T4R6MLdG/Tz6Pgb6z1bw==
  dependencies:
    "@unified-latex/unified-latex-types" "^1.8.0"
    "@unified-latex/unified-latex-util-match" "^1.8.0"
    "@unified-latex/unified-latex-util-pegjs" "^1.8.1"

"@unified-latex/unified-latex-util-argspec@^1.8.3":
  version "1.8.3"
  resolved "https://registry.yarnpkg.com/@unified-latex/unified-latex-util-argspec/-/unified-latex-util-argspec-1.8.3.tgz#07303cb5ccac6c0f476541c5610075baab774849"
  integrity sha512-GPJIycwLIVpt3g9LIdv+ut5F2N0xscpMlDsrCnjRutgD1GzpbLeROxmRNfZ6EaOlL7POLCyL8TY6S79U2tuTBA==
  dependencies:
    "@unified-latex/unified-latex-util-pegjs" "^1.8.1"

"@unified-latex/unified-latex-util-arguments@^1.8.3":
  version "1.8.3"
  resolved "https://registry.yarnpkg.com/@unified-latex/unified-latex-util-arguments/-/unified-latex-util-arguments-1.8.3.tgz#87af9e54c260f8d85ea8055c2cda13d94682369b"
  integrity sha512-CNazx2/PdimzQW7zo9Z1M+/4GBTdpE2hUJdxbXkn9G/dGF4QE63++GWbFiPK/N7+CzVgnewi0TOq6ARL+frN3Q==
  dependencies:
    "@unified-latex/unified-latex-builder" "^1.8.3"
    "@unified-latex/unified-latex-types" "^1.8.0"
    "@unified-latex/unified-latex-util-argspec" "^1.8.3"
    "@unified-latex/unified-latex-util-match" "^1.8.0"
    "@unified-latex/unified-latex-util-render-info" "^1.8.3"
    "@unified-latex/unified-latex-util-scan" "^1.8.0"
    "@unified-latex/unified-latex-util-visit" "^1.8.3"
    unified "^10.1.2"

"@unified-latex/unified-latex-util-catcode@^1.8.3":
  version "1.8.3"
  resolved "https://registry.yarnpkg.com/@unified-latex/unified-latex-util-catcode/-/unified-latex-util-catcode-1.8.3.tgz#687d758dcbb80579835f4333beec09e898f5e7f6"
  integrity sha512-EHdsqGPGh3pbuQTw8ejcGhDbIKp3ghibT7MCGkDhUK5cUqm8tTPknTg5/cGm3G+te5AsxT8fjlYbFQ/nQGi3UQ==
  dependencies:
    "@unified-latex/unified-latex-types" "^1.8.0"
    "@unified-latex/unified-latex-util-match" "^1.8.0"
    "@unified-latex/unified-latex-util-visit" "^1.8.3"

"@unified-latex/unified-latex-util-comments@^1.8.3":
  version "1.8.3"
  resolved "https://registry.yarnpkg.com/@unified-latex/unified-latex-util-comments/-/unified-latex-util-comments-1.8.3.tgz#c8895bdd94a87e2420aedae087ef91770d412799"
  integrity sha512-eC1RXiFia8Fw6RxXKAOI0sVQqqwJhyTO3JhvRSTWAjrvwLoMi9b/96Ny7sBO68haRo4HarwyxmBaIWL3SYVjyQ==
  dependencies:
    "@unified-latex/unified-latex-types" "^1.8.0"
    "@unified-latex/unified-latex-util-match" "^1.8.0"
    "@unified-latex/unified-latex-util-replace" "^1.8.3"

"@unified-latex/unified-latex-util-environments@^1.8.3":
  version "1.8.3"
  resolved "https://registry.yarnpkg.com/@unified-latex/unified-latex-util-environments/-/unified-latex-util-environments-1.8.3.tgz#378f29fdecfd5517d0d37d92700aff59ef5cb04a"
  integrity sha512-5cw+lCxLwv/+VRz2WQpLEG7Emok5SOVgT42bBTpJkeHyrxewiTqnqTbTmZMYYVep1D0lE/1RsO/xd+7+mrVToA==
  dependencies:
    "@unified-latex/unified-latex-types" "^1.8.0"
    "@unified-latex/unified-latex-util-arguments" "^1.8.3"
    "@unified-latex/unified-latex-util-match" "^1.8.0"
    "@unified-latex/unified-latex-util-print-raw" "^1.8.0"
    "@unified-latex/unified-latex-util-render-info" "^1.8.3"
    "@unified-latex/unified-latex-util-visit" "^1.8.3"
    unified "^10.1.2"

"@unified-latex/unified-latex-util-match@^1.8.0":
  version "1.8.0"
  resolved "https://registry.yarnpkg.com/@unified-latex/unified-latex-util-match/-/unified-latex-util-match-1.8.0.tgz#025b300ccd9c1a25a3a01f6e24326d2ff087b833"
  integrity sha512-fjuLI1KVhWTHkfWn0kR8/RhM2oD2hxWhzgskUMLJ/IZMye9ESvVo8ItG4y+BtpwGFWpTmCtpMNXHjknIQxza9Q==
  dependencies:
    "@unified-latex/unified-latex-types" "^1.8.0"
    "@unified-latex/unified-latex-util-print-raw" "^1.8.0"

"@unified-latex/unified-latex-util-parse@^1.8.3":
  version "1.8.3"
  resolved "https://registry.yarnpkg.com/@unified-latex/unified-latex-util-parse/-/unified-latex-util-parse-1.8.3.tgz#95b0d1d7875e12de3fc5b02a8432f767a39af297"
  integrity sha512-H+VBB4/hxR1W7sTMMftiQCV9TRGGKVnPpisKBCfONN3KkyGuqGgmFKPna98tmoDU6A75gQCz6tu8f+1eW+RoYA==
  dependencies:
    "@unified-latex/unified-latex-ctan" "^1.8.3"
    "@unified-latex/unified-latex-types" "^1.8.0"
    "@unified-latex/unified-latex-util-arguments" "^1.8.3"
    "@unified-latex/unified-latex-util-catcode" "^1.8.3"
    "@unified-latex/unified-latex-util-environments" "^1.8.3"
    "@unified-latex/unified-latex-util-match" "^1.8.0"
    "@unified-latex/unified-latex-util-pegjs" "^1.8.1"
    "@unified-latex/unified-latex-util-print-raw" "^1.8.0"
    "@unified-latex/unified-latex-util-trim" "^1.8.3"
    "@unified-latex/unified-latex-util-visit" "^1.8.3"
    unified "^10.1.2"

"@unified-latex/unified-latex-util-pegjs@^1.8.1":
  version "1.8.1"
  resolved "https://registry.yarnpkg.com/@unified-latex/unified-latex-util-pegjs/-/unified-latex-util-pegjs-1.8.1.tgz#96af348e58844e8aa843d350dc191ae33d68ae6a"
  integrity sha512-1N6WknnzKGACFCmgaEZ2j89j5C2dKhmAOCfy6moD+AMm6nUb69Xp9pJ1jDfqz+Uz9+zRo5I6ksr6q5GgmAJvtw==
  dependencies:
    "@unified-latex/unified-latex-types" "^1.8.0"
    "@unified-latex/unified-latex-util-match" "^1.8.0"

"@unified-latex/unified-latex-util-pgfkeys@^1.8.1":
  version "1.8.1"
  resolved "https://registry.yarnpkg.com/@unified-latex/unified-latex-util-pgfkeys/-/unified-latex-util-pgfkeys-1.8.1.tgz#b7dfe554444e7b6905ee204ec356cce512617a15"
  integrity sha512-VwZeUzmPgKwO2sZ9xx4Ul0Mp82DVdWg32krOlH9dzW4ZQDOBTnRtvx6LQmg9b7Iz3F2pHLYU0LCCaJlvFNBm1A==
  dependencies:
    "@unified-latex/unified-latex-types" "^1.8.0"
    "@unified-latex/unified-latex-util-match" "^1.8.0"
    "@unified-latex/unified-latex-util-pegjs" "^1.8.1"
    "@unified-latex/unified-latex-util-print-raw" "^1.8.0"

"@unified-latex/unified-latex-util-print-raw@^1.8.0":
  version "1.8.0"
  resolved "https://registry.yarnpkg.com/@unified-latex/unified-latex-util-print-raw/-/unified-latex-util-print-raw-1.8.0.tgz#f16942d46a0ce41f0650ef47d8d7c0e3d696bb1a"
  integrity sha512-lMuLqnHXCDNqrjslf6hBAA2McEI+oaaxvjA9zfeAeWZyZh+DUJjkmwiuxYejwHHKbQvqzregNP4wtb9OvaC21g==
  dependencies:
    "@unified-latex/unified-latex-types" "^1.8.0"

"@unified-latex/unified-latex-util-render-info@^1.8.3":
  version "1.8.3"
  resolved "https://registry.yarnpkg.com/@unified-latex/unified-latex-util-render-info/-/unified-latex-util-render-info-1.8.3.tgz#42143400eb4702bb2c3ef073a03578fdaff6eecc"
  integrity sha512-L1orYqc9U5DGObSqjYIAclAybMWYpL41eR5E2NkJjZAAypSPkLeRT7yvaGz879HJNS2C1C9UoIsPlHDPok0Gcg==
  dependencies:
    "@unified-latex/unified-latex-types" "^1.8.0"
    "@unified-latex/unified-latex-util-visit" "^1.8.3"

"@unified-latex/unified-latex-util-replace@^1.8.3":
  version "1.8.3"
  resolved "https://registry.yarnpkg.com/@unified-latex/unified-latex-util-replace/-/unified-latex-util-replace-1.8.3.tgz#0863cff1751b823e1e7fda0a3b37f373ec15d572"
  integrity sha512-HdrWVF+pwfsXkAiIGK5q7y2klBt5QK7r5sxbSZD+X3wXzpJFuFCYQQYe2Tmi5lOcssqLK94+1OUqRTrmA/rFbg==
  dependencies:
    "@unified-latex/unified-latex-types" "^1.8.0"
    "@unified-latex/unified-latex-util-match" "^1.8.0"
    "@unified-latex/unified-latex-util-split" "^1.8.0"
    "@unified-latex/unified-latex-util-trim" "^1.8.3"
    "@unified-latex/unified-latex-util-visit" "^1.8.3"
    unified "^10.1.2"

"@unified-latex/unified-latex-util-scan@^1.8.0":
  version "1.8.0"
  resolved "https://registry.yarnpkg.com/@unified-latex/unified-latex-util-scan/-/unified-latex-util-scan-1.8.0.tgz#8821f0f3ea79992ce62a1baa6e6f3653fae6443e"
  integrity sha512-4WWDTcLOhlkZsGmGl/IZA0Jg2rTitVwGf6ktxs57AyuCEdzHA5ZeNwzSewW8wpHQdLfnPX+LNEnaukwEdWfF1g==
  dependencies:
    "@unified-latex/unified-latex-types" "^1.8.0"
    "@unified-latex/unified-latex-util-match" "^1.8.0"
    "@unified-latex/unified-latex-util-print-raw" "^1.8.0"
    trie-prefix-tree "^1.5.1"

"@unified-latex/unified-latex-util-split@^1.8.0":
  version "1.8.0"
  resolved "https://registry.yarnpkg.com/@unified-latex/unified-latex-util-split/-/unified-latex-util-split-1.8.0.tgz#90faa432a420fc70b9247587c85c513635a76eab"
  integrity sha512-gRlRge72wcvLRs6bEoVbh0fDACbkioEPDJOr7XaCuQqjNNu1VTXlcvImZQVXCdMG6CJ4lqiaJRwnUupK4rsmsA==
  dependencies:
    "@unified-latex/unified-latex-types" "^1.8.0"
    "@unified-latex/unified-latex-util-match" "^1.8.0"

"@unified-latex/unified-latex-util-to-string@^1.8.3":
  version "1.8.3"
  resolved "https://registry.yarnpkg.com/@unified-latex/unified-latex-util-to-string/-/unified-latex-util-to-string-1.8.3.tgz#f855f03d46ac32aad6f3ff93c45f65e4d606ca0e"
  integrity sha512-Tw1ZfFtC3n0zI1BkmNBbfJf0dYA9jBNVMkL6A15H48l1/uvsKnthACgu8CjxutskEstEOlp8LyYU2tSIICwg8w==
  dependencies:
    "@unified-latex/unified-latex-prettier" "^1.8.3"
    "@unified-latex/unified-latex-types" "^1.8.0"
    "@unified-latex/unified-latex-util-print-raw" "^1.8.0"
    prettier "^2.8.8"
    unified "^10.1.2"

"@unified-latex/unified-latex-util-trim@^1.8.3":
  version "1.8.3"
  resolved "https://registry.yarnpkg.com/@unified-latex/unified-latex-util-trim/-/unified-latex-util-trim-1.8.3.tgz#1bc98238c69b0fd55fc53f166a811fa1bc631c30"
  integrity sha512-Vb5YcVyebWuwU0koBTsVOvxKFWKfqP1T7nJdpzT+IUrfX7zcMiA4HlGdL/3imbEfuLBTHJb3IoLsymU0XfWCZg==
  dependencies:
    "@unified-latex/unified-latex-types" "^1.8.0"
    "@unified-latex/unified-latex-util-match" "^1.8.0"
    "@unified-latex/unified-latex-util-visit" "^1.8.3"
    unified "^10.1.2"

"@unified-latex/unified-latex-util-visit@^1.8.3":
  version "1.8.3"
  resolved "https://registry.yarnpkg.com/@unified-latex/unified-latex-util-visit/-/unified-latex-util-visit-1.8.3.tgz#81a68f3e6ef779333db6568012b9159bf1a05a79"
  integrity sha512-y1uxwXLbzXliAhTrxaDx4+LgIWaeNWMgS7q4DC/i/5RXXRQOImdCqQsTWwvQk2x5/8zQ3eweiTsd3q1gbBCqAA==
  dependencies:
    "@unified-latex/unified-latex-types" "^1.8.0"
    "@unified-latex/unified-latex-util-match" "^1.8.0"

"@unified-latex/unified-latex@^1.2.2":
  version "1.8.3"
  resolved "https://registry.yarnpkg.com/@unified-latex/unified-latex/-/unified-latex-1.8.3.tgz#77a4446e2c2860966cca28c49a5be34f9b7f4145"
  integrity sha512-LRyXYXkjoidIVoX4bPX9fuaoa++ef94wao5tFEOIbFmcrF3SRZDqGnlAKSftP8g8/9YbtXOe61D3hviXux5Q4A==
  dependencies:
    "@unified-latex/unified-latex-types" "^1.8.0"
    "@unified-latex/unified-latex-util-parse" "^1.8.3"
    "@unified-latex/unified-latex-util-to-string" "^1.8.3"
    unified "^10.1.2"

ansi-regex@^6.0.1:
  version "6.2.2"
  resolved "https://registry.yarnpkg.com/ansi-regex/-/ansi-regex-6.2.2.tgz#60216eea464d864597ce2832000738a0589650c1"
  integrity sha512-Bq3SmSpyFHaWjPk8If9yc6svM8c56dB5BAtW4Qbw5jHTwwXXcTLoRMkpDJp6VL0XzlWaCHTXrkFURMYmD0sLqg==

bail@^2.0.0:
  version "2.0.2"
  resolved "https://registry.yarnpkg.com/bail/-/bail-2.0.2.tgz#d26f5cd8fe5d6f832a31517b9f7c356040ba6d5d"
  integrity sha512-0xO6mYd7JB2YesxDKplafRpsiOzPt9V02ddPCLbY1xYGPOX24NTyN50qnUxgCPcSoYMhKpAuBTjQoRZCAkUDRw==

boolbase@^1.0.0:
  version "1.0.0"
  resolved "https://registry.yarnpkg.com/boolbase/-/boolbase-1.0.0.tgz#68dff5fbe60c51eb37725ea9e3ed310dcc1e776e"
  integrity sha512-JZOSA7Mo9sNGB8+UjSgzdLtokWAky1zbztM3WRLCbZ70/3cTANmQmOdR7y2g+J0e2WXywy1yS468tY+IruqEww==

color-convert@^2.0.1:
  version "2.0.1"
  resolved "https://registry.yarnpkg.com/color-convert/-/color-convert-2.0.1.tgz#72d3a68d598c9bdb3af2ad1e84f21d896abd4de3"
  integrity sha512-RRECPsj7iu/xb5oKYcsFHSppFNnsj/52OVTRKb4zP5onXwVF3zVmmToNcOfGC+CRDpfK/U584fMg38ZHCaElKQ==
  dependencies:
    color-name "~1.1.4"

color-name@^1.0.0, color-name@~1.1.4:
  version "1.1.4"
  resolved "https://registry.yarnpkg.com/color-name/-/color-name-1.1.4.tgz#c2a09a87acbde69543de6f63fa3995c826c536a2"
  integrity sha512-dOy+3AuW3a2wNbZHIuMZpTcgjGuLU/uBL/ubcZF9OXbDo8ff4O8yVp5Bf0efS8uEoYo5q4Fx7dY9OgQGXgAsQA==

color-string@^1.9.0:
  version "1.9.1"
  resolved "https://registry.yarnpkg.com/color-string/-/color-string-1.9.1.tgz#4467f9146f036f855b764dfb5bf8582bf342c7a4"
  integrity sha512-shrVawQFojnZv6xM40anx4CkoDP+fZsw/ZerEMsW/pyzsRbElpsL/DBVW7q3ExxwusdNXI3lXpuhEZkzs8p5Eg==
  dependencies:
    color-name "^1.0.0"
    simple-swizzle "^0.2.2"

color@^4.2.3:
  version "4.2.3"
  resolved "https://registry.yarnpkg.com/color/-/color-4.2.3.tgz#d781ecb5e57224ee43ea9627560107c0e0c6463a"
  integrity sha512-1rXeuUUiGGrykh+CeBdu5Ie7OJwinCgQY0bc7GCRxy5xVHy+moaqkpL/jqQq0MtQOeYcrqEz4abc5f0KtU7W4A==
  dependencies:
    color-convert "^2.0.1"
    color-string "^1.9.0"

credit-roles@^2.1.0:
  version "2.1.0"
  resolved "https://registry.yarnpkg.com/credit-roles/-/credit-roles-2.1.0.tgz#eb1aca57eb9361673b39945c7424a89f020c78f7"
  integrity sha512-wt1jw7lDnzY1Ob4cDHpXboN4Bfu6l7reKal0zxtKnxogqw916l+Iu862LxIze4U4y44ssAd0TOQqVg2cXY2V6Q==

css-selector-parser@^1.0.0:
  version "1.4.1"
  resolved "https://registry.yarnpkg.com/css-selector-parser/-/css-selector-parser-1.4.1.tgz#03f9cb8a81c3e5ab2c51684557d5aaf6d2569759"
  integrity sha512-HYPSb7y/Z7BNDCOrakL4raGO2zltZkbeXyAd6Tg9obzix6QhzxCotdBl6VT0Dv4vZfJGVz3WL/xaEI9Ly3ul0g==

doi-utils@^2.0.5:
  version "2.0.6"
  resolved "https://registry.yarnpkg.com/doi-utils/-/doi-utils-2.0.6.tgz#91c1adcb64ca90680432f801157ec09b55f5a7fb"
  integrity sha512-QkaDmWbr5lIugDgl9fCxDMos2OJJ9Rp4c9XB7wgRGm6hJQ+hgeqI78DqToU8+vmtU+1XAyyVYJoLZUAgBdsFtg==

eastasianwidth@^0.2.0:
  version "0.2.0"
  resolved "https://registry.yarnpkg.com/eastasianwidth/-/eastasianwidth-0.2.0.tgz#696ce2ec0aa0e6ea93a397ffcf24aa7840c827cb"
  integrity sha512-I88TYZWc9XiYHRQ4/3c5rjjfgkjhLyW2luGIheGERbNQ6OY7yTybanSpDXZa8y7VUP9YmDcYa+eyq4ca7iLqWA==

emoji-regex@^9.2.2:
  version "9.2.2"
  resolved "https://registry.yarnpkg.com/emoji-regex/-/emoji-regex-9.2.2.tgz#840c8803b0d8047f4ff0cf963176b32d4ef3ed72"
  integrity sha512-L18DaJsXSUk2+42pv8mLs5jJT2hqFkFE4j21wOmgbUqsZ2hL72NsUU785g9RXgo3s0ZNgVl42TiHp3ZtOv/Vyg==

extend@^3.0.0:
  version "3.0.2"
  resolved "https://registry.yarnpkg.com/extend/-/extend-3.0.2.tgz#f8b1136b4071fbd8eb140aff858b1019ec2915fa"
  integrity sha512-fjquC59cD7CyW6urNXK0FBufkZcoiGG80wTuPujX590cB5Ttln20E2UB4S/WARVqhXffZl2LNgS+gQdPIIim/g==

is-arrayish@^0.3.1:
  version "0.3.4"
  resolved "https://registry.yarnpkg.com/is-arrayish/-/is-arrayish-0.3.4.tgz#1ee5553818511915685d33bb13d31bf854e5059d"
  integrity sha512-m6UrgzFVUYawGBh1dUsWR5M2Clqic9RVXC/9f8ceNlv2IcO9j9J/z8UoCLPqtsPBFNzEpfR3xftohbfqDx8EQA==

is-buffer@^2.0.0:
  version "2.0.5"
  resolved "https://registry.yarnpkg.com/is-buffer/-/is-buffer-2.0.5.tgz#ebc252e400d22ff8d77fa09888821a24a658c191"
  integrity sha512-i2R6zNFDwgEHJyQUtJEk0XFi1i0dPFn/oqjK3/vPCcDeJvW5NQ83V8QbicfF1SupOaB0h8ntgBC2YiE7dfyctQ==

is-plain-obj@^4.0.0:
  version "4.1.0"
  resolved "https://registry.yarnpkg.com/is-plain-obj/-/is-plain-obj-4.1.0.tgz#d65025edec3657ce032fd7db63c97883eaed71f0"
  integrity sha512-+Pgi+vMuUNkJyExiMBt5IlFoMyKnr5zhJ4Uspz58WOhBF5QoIZkFyNHIbBAtHwzVAgk5RtndVNsDRN61/mmDqg==

mdast@^3.0.0:
  version "3.0.0"
  resolved "https://registry.yarnpkg.com/mdast/-/mdast-3.0.0.tgz#626bce9603ed43fb6fb053245a6e4a17f4457aa8"
  integrity sha512-xySmf8g4fPKMeC07jXGz971EkLbWAJ83s4US2Tj9lEdnZ142UP5grN73H1Xd3HzrdbU5o9GYYP/y8F9ZSwLE9g==

myst-common@^1.7.6, myst-common@^1.8.4:
  version "1.8.4"
  resolved "https://registry.yarnpkg.com/myst-common/-/myst-common-1.8.4.tgz#8876fce73e5130963a9a342d7496478cd6738dd3"
  integrity sha512-xKrwi5KfPiijwPjxsDKdu9pUF6hArJIZuQSKyzsffb/Ierr63K1zXA8V8oH3XX4PX375Fky0lVcKDA2IwZLAwQ==
  dependencies:
    mdast "^3.0.0"
    myst-frontmatter "^1.8.4"
    myst-spec "^0.0.5"
    nanoid "^5.1.6"
    unified "^10.1.2"
    unist-util-remove "^3.1.0"
    unist-util-select "^4.0.3"
    unist-util-visit "^4.1.2"
    vfile "^5.0.0"
    vfile-message "^3.0.0"

myst-frontmatter@^1.7.6, myst-frontmatter@^1.8.4:
  version "1.8.4"
  resolved "https://registry.yarnpkg.com/myst-frontmatter/-/myst-frontmatter-1.8.4.tgz#d9e6b1ec5a839398ebc35a94fa61b750479831bf"
  integrity sha512-ezpIpETZ7UMoBgFetfH0TWotq/y8/IsKlX6AgYkxu8jm6KREmBurYYwECFYr/2Y+OmgWtRW0SALMwnnRmBAFeg==
  dependencies:
    credit-roles "^2.1.0"
    doi-utils "^2.0.5"
    myst-toc "^0.1.2"
    orcid "^1.0.0"
    simple-validators "^1.1.1"
    spdx-correct "^3.2.0"

myst-migrate@^1.6.4:
  version "1.6.4"
  resolved "https://registry.yarnpkg.com/myst-migrate/-/myst-migrate-1.6.4.tgz#c4ef3d1f70f9307dffd0f6c8c07f0db4caacf75e"
  integrity sha512-+7r00vHkP8kRgiP3fO7vHGjdEWVmDqk3rOGrxOKLaS/+AjaWKw2Idgu9/u0E/h5pv82h97p9aF8dsGJbkeUNyg==
  dependencies:
    unist-util-select "^4.0.3"
    unist-util-visit "^4.1.2"
    vfile "^5.0.0"
    vfile-message "^3.0.0"

myst-spec-ext@^1.7.6:
  version "1.8.4"
  resolved "https://registry.yarnpkg.com/myst-spec-ext/-/myst-spec-ext-1.8.4.tgz#ef31d10df4d1489da3db181686f7acfbaac0a0bf"
  integrity sha512-gakWrBr9ZR7KSoR5eI7ButpeNfcAWBNc44NxZYoLB1lpMo1g/fekVVdPXHHKIwUKgwRQziwuxzmubcKDjKydHg==
  dependencies:
    myst-spec "^0.0.5"

myst-spec@^0.0.5:
  version "0.0.5"
  resolved "https://registry.yarnpkg.com/myst-spec/-/myst-spec-0.0.5.tgz#0db5fd5be03e342b168bad94101135457feeb91d"
  integrity sha512-L/4TV1l5ZbWUOgSnXqiYrx192SV4I+HqjX7TBQ4k02/heeNFckpkUIyLulraap5heTyLcJs8UYBxu+Kv5JiiRw==

myst-toc@^0.1.2:
  version "0.1.3"
  resolved "https://registry.yarnpkg.com/myst-toc/-/myst-toc-0.1.3.tgz#5d2644b528d0ea98dace914c6f2f52b08e3f1e08"
  integrity sha512-X5MrAeR+jlanAd7xNsDeC+A8GDQRjhj5u9lmwtsIMzHuxzZ5ttt/91ZJKCh0MfeQUgtHPzp1ZAeeEHMLjXAsUQ==
  dependencies:
    simple-validators "^1.0.6"

nanoid@^5.1.6:
  version "5.1.6"
  resolved "https://registry.yarnpkg.com/nanoid/-/nanoid-5.1.6.tgz#30363f664797e7d40429f6c16946d6bd7a3f26c9"
  integrity sha512-c7+7RQ+dMB5dPwwCp4ee1/iV/q2P6aK1mTZcfr1BTuVlyW9hJYiMPybJCcnBlQtuSmTIWNeazm/zqNoZSSElBg==

nth-check@^2.0.0:
  version "2.1.1"
  resolved "https://registry.yarnpkg.com/nth-check/-/nth-check-2.1.1.tgz#c9eab428effce36cd6b92c924bdb000ef1f1ed1d"
  integrity sha512-lqjrjmaOoAnWfMmBPL+XNnynZh2+swxiX3WUE0s4yEHI6m+AwrK2UZOimIRl3X/4QctVqS8AiZjFqyOGrMXb/w==
  dependencies:
    boolbase "^1.0.0"

orcid@^1.0.0:
  version "1.0.0"
  resolved "https://registry.yarnpkg.com/orcid/-/orcid-1.0.0.tgz#245969c1c8dbd7b72f24f8fe77845c10f0523166"
  integrity sha512-zdRFh+1FAZt0Vy9XaKNu+5h4zXC2pkunZH8MV7tSGoq54skik8nxn5ks3E9f33m+tPxuliSRzEHz7owb1Z0HYg==

prettier@^2.8.8:
  version "2.8.8"
  resolved "https://registry.yarnpkg.com/prettier/-/prettier-2.8.8.tgz#e8c5d7e98a4305ffe3de2e1fc4aca1a71c28b1da"
  integrity sha512-tdN8qQGvNjw4CHbY+XXk0JgCXn9QiF21a55rBe5LJAU+kDyC4WQn4+awm2Xfk2lQMk5fKup9XgzTZtGkjBdP9Q==

prettier@^3.0.3:
  version "3.6.2"
  resolved "https://registry.yarnpkg.com/prettier/-/prettier-3.6.2.tgz#ccda02a1003ebbb2bfda6f83a074978f608b9393"
  integrity sha512-I7AIg5boAr5R0FFtJ6rCfD+LFsWHp81dolrFD8S79U9tb8Az2nGrJncnMSnys+bpQJfRUzqs9hnA81OAA3hCuQ==

simple-swizzle@^0.2.2:
  version "0.2.4"
  resolved "https://registry.yarnpkg.com/simple-swizzle/-/simple-swizzle-0.2.4.tgz#a8d11a45a11600d6a1ecdff6363329e3648c3667"
  integrity sha512-nAu1WFPQSMNr2Zn9PGSZK9AGn4t/y97lEm+MXTtUDwfP0ksAIX4nO+6ruD9Jwut4C49SB1Ws+fbXsm/yScWOHw==
  dependencies:
    is-arrayish "^0.3.1"

simple-validators@^1.0.6, simple-validators@^1.1.1:
  version "1.1.1"
  resolved "https://registry.yarnpkg.com/simple-validators/-/simple-validators-1.1.1.tgz#cbf9a9e378efa8cd2d18547979a5d3c33003e63a"
  integrity sha512-/+gpAy4BVCR1zk1Pf8q1lvEQMeTC8a1vEiGnTjfe45MTgqerZzNHAxbnS+72jJvv5FCUanyKT4QfZT3cUFpbDw==

spdx-correct@^3.2.0:
  version "3.2.0"
  resolved "https://registry.yarnpkg.com/spdx-correct/-/spdx-correct-3.2.0.tgz#4f5ab0668f0059e34f9c00dce331784a12de4e9c"
  integrity sha512-kN9dJbvnySHULIluDHy32WHRUu3Og7B9sbY7tsFLctQkIqnMh3hErYgdMjTYuqmcXX+lK5T1lnUt3G7zNswmZA==
  dependencies:
    spdx-expression-parse "^3.0.0"
    spdx-license-ids "^3.0.0"

spdx-exceptions@^2.1.0:
  version "2.5.0"
  resolved "https://registry.yarnpkg.com/spdx-exceptions/-/spdx-exceptions-2.5.0.tgz#5d607d27fc806f66d7b64a766650fa890f04ed66"
  integrity sha512-PiU42r+xO4UbUS1buo3LPJkjlO7430Xn5SVAhdpzzsPHsjbYVflnnFdATgabnLude+Cqu25p6N+g2lw/PFsa4w==

spdx-expression-parse@^3.0.0:
  version "3.0.1"
  resolved "https://registry.yarnpkg.com/spdx-expression-parse/-/spdx-expression-parse-3.0.1.tgz#cf70f50482eefdc98e3ce0a6833e4a53ceeba679"
  integrity sha512-cbqHunsQWnJNE6KhVSMsMeH5H/L9EpymbzqTQ3uLwNCLZ1Q481oWaofqH7nO6V07xlXwY6PhQdQ2IedWx/ZK4Q==
  dependencies:
    spdx-exceptions "^2.1.0"
    spdx-license-ids "^3.0.0"

spdx-license-ids@^3.0.0:
  version "3.0.22"
  resolved "https://registry.yarnpkg.com/spdx-license-ids/-/spdx-license-ids-3.0.22.tgz#abf5a08a6f5d7279559b669f47f0a43e8f3464ef"
  integrity sha512-4PRT4nh1EImPbt2jASOKHX7PB7I+e4IWNLvkKFDxNhJlfjbYlleYQh285Z/3mPTHSAK/AvdMmw5BNNuYH8ShgQ==

string-width@^5.0.0:
  version "5.1.2"
  resolved "https://registry.yarnpkg.com/string-width/-/string-width-5.1.2.tgz#14f8daec6d81e7221d2a357e668cab73bdbca794"
  integrity sha512-HnLOCR3vjcY8beoNLtcjZ5/nxn2afmME6lhrDrebokqMap+XbeW8n9TXpPDOqdGK5qcI3oT0GKTW6wC7EMiVqA==
  dependencies:
    eastasianwidth "^0.2.0"
    emoji-regex "^9.2.2"
    strip-ansi "^7.0.1"

strip-ansi@^7.0.1:
  version "7.1.2"
  resolved "https://registry.yarnpkg.com/strip-ansi/-/strip-ansi-7.1.2.tgz#132875abde678c7ea8d691533f2e7e22bb744dba"
  integrity sha512-gmBGslpoQJtgnMAvOVqGZpEz9dyoKTCzy2nfz/n8aIFhN/jCE/rCmcxabB6jOOHV+0WNnylOxaxBQPSvcWklhA==
  dependencies:
    ansi-regex "^6.0.1"

supports-color@^9.0.0:
  version "9.4.0"
  resolved "https://registry.yarnpkg.com/supports-color/-/supports-color-9.4.0.tgz#17bfcf686288f531db3dea3215510621ccb55954"
  integrity sha512-VL+lNrEoIXww1coLPOmiEmK/0sGigko5COxI09KzHc2VJXJsQ37UaQ+8quuxjDeA7+KnLGTWRyOXSLLR2Wb4jw==

tex-to-myst@^1.0.42:
  version "1.0.42"
  resolved "https://registry.yarnpkg.com/tex-to-myst/-/tex-to-myst-1.0.42.tgz#a5573961e1aa0e018252774a5170289d17c36535"
  integrity sha512-WGhAbReToq/0o+5S73xWp0K6/xJnTfjh3DlvW7S9zyMLF5XPxJ36FHFsoyedE+EbNfN7lrfxPJmhOyzsYFfi8Q==
  dependencies:
    "@unified-latex/unified-latex" "^1.2.2"
    myst-common "^1.7.6"
    myst-frontmatter "^1.7.6"
    myst-spec-ext "^1.7.6"
    unist-builder "^3.0.0"
    unist-util-remove "^3.1.0"
    unist-util-select "^4.0.3"
    vfile-reporter "^7.0.4"

trie-prefix-tree@^1.5.1:
  version "1.5.1"
  resolved "https://registry.yarnpkg.com/trie-prefix-tree/-/trie-prefix-tree-1.5.1.tgz#209c91f0e66cde53af2c5de8aceeca5558cdf03d"
  integrity sha512-Jjvj/dA97wXnabG/NLJUgo4IQMj6vucH+Qxm7of/omfWSmZlPqdRU6Ta4GmQqCZH+n3/iYZUwfvUoEhB0Hs83Q==

trough@^2.0.0:
  version "2.2.0"
  resolved "https://registry.yarnpkg.com/trough/-/trough-2.2.0.tgz#94a60bd6bd375c152c1df911a4b11d5b0256f50f"
  integrity sha512-tmMpK00BjZiUyVyvrBK7knerNgmgvcV/KLVyuma/SC+TQN167GrMRciANTz09+k3zW8L8t60jWO1GpfkZdjTaw==

unified@^10.1.2:
  version "10.1.2"
  resolved "https://registry.yarnpkg.com/unified/-/unified-10.1.2.tgz#b1d64e55dafe1f0b98bb6c719881103ecf6c86df"
  integrity sha512-pUSWAi/RAnVy1Pif2kAoeWNBa3JVrx0MId2LASj8G+7AiHWoKZNTomq6LG326T68U7/e263X6fTdcXIy7XnF7Q==
  dependencies:
    "@types/unist" "^2.0.0"
    bail "^2.0.0"
    extend "^3.0.0"
    is-buffer "^2.0.0"
    is-plain-obj "^4.0.0"
    trough "^2.0.0"
    vfile "^5.0.0"

unist-builder@^3.0.0:
  version "3.0.1"
  resolved "https://registry.yarnpkg.com/unist-builder/-/unist-builder-3.0.1.tgz#258b89dcadd3c973656b2327b347863556907f58"
  integrity sha512-gnpOw7DIpCA0vpr6NqdPvTWnlPTApCTRzr+38E6hCWx3rz/cjo83SsKIlS1Z+L5ttScQ2AwutNnb8+tAvpb6qQ==
  dependencies:
    "@types/unist" "^2.0.0"

unist-builder@^4.0.0:
  version "4.0.0"
  resolved "https://registry.yarnpkg.com/unist-builder/-/unist-builder-4.0.0.tgz#817b326c015a6f9f5e92bb55b8e8bc5e578fe243"
  integrity sha512-wmRFnH+BLpZnTKpc5L7O67Kac89s9HMrtELpnNaE6TAobq5DTZZs5YaTQfAZBA9bFPECx2uVAPO31c+GVug8mg==
  dependencies:
    "@types/unist" "^3.0.0"

unist-util-is@^5.0.0:
  version "5.2.1"
  resolved "https://registry.yarnpkg.com/unist-util-is/-/unist-util-is-5.2.1.tgz#b74960e145c18dcb6226bc57933597f5486deae9"
  integrity sha512-u9njyyfEh43npf1M+yGKDGVPbY/JWEemg5nH05ncKPfi+kBbKBJoTdsogMu33uhytuLlv9y0O7GH7fEdwLdLQw==
  dependencies:
    "@types/unist" "^2.0.0"

unist-util-remove@^3.1.0:
  version "3.1.1"
  resolved "https://registry.yarnpkg.com/unist-util-remove/-/unist-util-remove-3.1.1.tgz#8bfa181aff916bd32a4ed30b3ed76d0c21c077df"
  integrity sha512-kfCqZK5YVY5yEa89tvpl7KnBBHu2c6CzMkqHUrlOqaRgGOMp0sMvwWOVrbAtj03KhovQB7i96Gda72v/EFE0vw==
  dependencies:
    "@types/unist" "^2.0.0"
    unist-util-is "^5.0.0"
    unist-util-visit-parents "^5.0.0"

unist-util-select@^4.0.3:
  version "4.0.3"
  resolved "https://registry.yarnpkg.com/unist-util-select/-/unist-util-select-4.0.3.tgz#861b403e273d9f677685dd9edefc663dbe1bf517"
  integrity sha512-1074+K9VyR3NyUz3lgNtHKm7ln+jSZXtLJM4E22uVuoFn88a/Go2pX8dusrt/W+KWH1ncn8jcd8uCQuvXb/fXA==
  dependencies:
    "@types/unist" "^2.0.0"
    css-selector-parser "^1.0.0"
    nth-check "^2.0.0"
    zwitch "^2.0.0"

unist-util-stringify-position@^3.0.0:
  version "3.0.3"
  resolved "https://registry.yarnpkg.com/unist-util-stringify-position/-/unist-util-stringify-position-3.0.3.tgz#03ad3348210c2d930772d64b489580c13a7db39d"
  integrity sha512-k5GzIBZ/QatR8N5X2y+drfpWG8IDBzdnVj6OInRNWm1oXrzydiaAT2OQiA8DPRRZyAKb9b6I2a6PxYklZD0gKg==
  dependencies:
    "@types/unist" "^2.0.0"

unist-util-visit-parents@^5.0.0, unist-util-visit-parents@^5.1.1:
  version "5.1.3"
  resolved "https://registry.yarnpkg.com/unist-util-visit-parents/-/unist-util-visit-parents-5.1.3.tgz#b4520811b0ca34285633785045df7a8d6776cfeb"
  integrity sha512-x6+y8g7wWMyQhL1iZfhIPhDAs7Xwbn9nRosDXl7qoPTSCy0yNxnKc+hWokFifWQIDGi154rdUqKvbCa4+1kLhg==
  dependencies:
    "@types/unist" "^2.0.0"
    unist-util-is "^5.0.0"

unist-util-visit@^4.1.2:
  version "4.1.2"
  resolved "https://registry.yarnpkg.com/unist-util-visit/-/unist-util-visit-4.1.2.tgz#125a42d1eb876283715a3cb5cceaa531828c72e2"
  integrity sha512-MSd8OUGISqHdVvfY9TPhyK2VdUrPgxkUtWSuMHF6XAAFuL4LokseigBnZtPnJMu+FbynTkFNnFlyjxpVKujMRg==
  dependencies:
    "@types/unist" "^2.0.0"
    unist-util-is "^5.0.0"
    unist-util-visit-parents "^5.1.1"

vfile-message@^3.0.0:
  version "3.1.4"
  resolved "https://registry.yarnpkg.com/vfile-message/-/vfile-message-3.1.4.tgz#15a50816ae7d7c2d1fa87090a7f9f96612b59dea"
  integrity sha512-fa0Z6P8HUrQN4BZaX05SIVXic+7kE3b05PWAtPuYP9QLHsLKYR7/AlLW3NtOrpXRLeawpDLMsVkmk5DG0NXgWw==
  dependencies:
    "@types/unist" "^2.0.0"
    unist-util-stringify-position "^3.0.0"

vfile-reporter@^7.0.4:
  version "7.0.5"
  resolved "https://registry.yarnpkg.com/vfile-reporter/-/vfile-reporter-7.0.5.tgz#a0cbf3922c08ad428d6db1161ec64a53b5725785"
  integrity sha512-NdWWXkv6gcd7AZMvDomlQbK3MqFWL1RlGzMn++/O2TI+68+nqxCPTvLugdOtfSzXmjh+xUyhp07HhlrbJjT+mw==
  dependencies:
    "@types/supports-color" "^8.0.0"
    string-width "^5.0.0"
    supports-color "^9.0.0"
    unist-util-stringify-position "^3.0.0"
    vfile "^5.0.0"
    vfile-message "^3.0.0"
    vfile-sort "^3.0.0"
    vfile-statistics "^2.0.0"

vfile-sort@^3.0.0:
  version "3.0.1"
  resolved "https://registry.yarnpkg.com/vfile-sort/-/vfile-sort-3.0.1.tgz#4b06ec63e2946749b0bb514e736554cd75e441a2"
  integrity sha512-1os1733XY6y0D5x0ugqSeaVJm9lYgj0j5qdcZQFyxlZOSy1jYarL77lLyb5gK4Wqr1d5OxmuyflSO3zKyFnTFw==
  dependencies:
    vfile "^5.0.0"
    vfile-message "^3.0.0"

vfile-statistics@^2.0.0:
  version "2.0.1"
  resolved "https://registry.yarnpkg.com/vfile-statistics/-/vfile-statistics-2.0.1.tgz#2e1adae1cd3a45c1ed4f2a24bd103c3d71e4bce3"
  integrity sha512-W6dkECZmP32EG/l+dp2jCLdYzmnDBIw6jwiLZSER81oR5AHRcVqL+k3Z+pfH1R73le6ayDkJRMk0sutj1bMVeg==
  dependencies:
    vfile "^5.0.0"
    vfile-message "^3.0.0"

vfile@^5.0.0:
  version "5.3.7"
  resolved "https://registry.yarnpkg.com/vfile/-/vfile-5.3.7.tgz#de0677e6683e3380fafc46544cfe603118826ab7"
  integrity sha512-r7qlzkgErKjobAmyNIkkSpizsFPYiUPuJb5pNW1RB4JcYVZhs4lIbVqk8XPk033CV/1z8ss5pkax8SuhGpcG8g==
  dependencies:
    "@types/unist" "^2.0.0"
    is-buffer "^2.0.0"
    unist-util-stringify-position "^3.0.0"
    vfile-message "^3.0.0"

zwitch@^2.0.0:
  version "2.0.4"
  resolved "https://registry.yarnpkg.com/zwitch/-/zwitch-2.0.4.tgz#c827d4b0acb76fc3e685a4c6ec2902d51070e9d7"
  integrity sha512-bXE4cR/kVZhKZX/RjPEflHaKVhUVl85noU3v6b8apfQEc1x4A+zBxjZ4lN8LqGd6WZ3dl98pY4o717VFmoPp+A==
